
Microsoft Visual Studio Solution File, Format Version 12.00
# Visual Studio 2013
VisualStudioVersion = 12.0.21005.1
MinimumVisualStudioVersion = 10.0.40219.1
Project("{FAE04EC0-301F-11D3-BF4B-00C04F79EFBC}") = "DataAccessLayer", "DataAccessLayer\DataAccessLayer.csproj", "{61EEA7DE-21E9-4956-B231-52DB4234AC95}"
EndProject
Project("{FAE04EC0-301F-11D3-BF4B-00C04F79EFBC}") = "Client", "Client\Client.csproj", "{EFAC597B-0765-4682-BE69-933F56CF4222}"
EndProject
Project("{FAE04EC0-301F-11D3-BF4B-00C04F79EFBC}") = "Characters", "Characters\Characters.csproj", "{B48745FB-615B-4F58-ADE8-B066A165FA3D}"
EndProject
Project("{FAE04EC0-301F-11D3-BF4B-00C04F79EFBC}") = "GameWorld", "GameWorld\GameWorld.csproj", "{0FCAA8CB-5D74-48F7-9602-02C5CD802A48}"
EndProject
Global
	GlobalSection(SolutionConfigurationPlatforms) = preSolution
		Debug|Any CPU = Debug|Any CPU
		Release|Any CPU = Release|Any CPU
	EndGlobalSection
	GlobalSection(ProjectConfigurationPlatforms) = postSolution
		{61EEA7DE-21E9-4956-B231-52DB4234AC95}.Debug|Any CPU.ActiveCfg = Debug|Any CPU
		{61EEA7DE-21E9-4956-B231-52DB4234AC95}.Debug|Any CPU.Build.0 = Debug|Any CPU
		{61EEA7DE-21E9-4956-B231-52DB4234AC95}.Release|Any CPU.ActiveCfg = Release|Any CPU
		{61EEA7DE-21E9-4956-B231-52DB4234AC95}.Release|Any CPU.Build.0 = Release|Any CPU
		{EFAC597B-0765-4682-BE69-933F56CF4222}.Debug|Any CPU.ActiveCfg = Debug|Any CPU
		{EFAC597B-0765-4682-BE69-933F56CF4222}.Debug|Any CPU.Build.0 = Debug|Any CPU
		{EFAC597B-0765-4682-BE69-933F56CF4222}.Release|Any CPU.ActiveCfg = Release|Any CPU
		{EFAC597B-0765-4682-BE69-933F56CF4222}.Release|Any CPU.Build.0 = Release|Any CPU
		{B48745FB-615B-4F58-ADE8-B066A165FA3D}.Debug|Any CPU.ActiveCfg = Debug|Any CPU
		{B48745FB-615B-4F58-ADE8-B066A165FA3D}.Debug|Any CPU.Build.0 = Debug|Any CPU
		{B48745FB-615B-4F58-ADE8-B066A165FA3D}.Release|Any CPU.ActiveCfg = Release|Any CPU
		{B48745FB-615B-4F58-ADE8-B066A165FA3D}.Release|Any CPU.Build.0 = Release|Any CPU
		{0FCAA8CB-5D74-48F7-9602-02C5CD802A48}.Debug|Any CPU.ActiveCfg = Debug|Any CPU
		{0FCAA8CB-5D74-48F7-9602-02C5CD802A48}.Debug|Any CPU.Build.0 = Debug|Any CPU
		{0FCAA8CB-5D74-48F7-9602-02C5CD802A48}.Release|Any CPU.ActiveCfg = Release|Any CPU
		{0FCAA8CB-5D74-48F7-9602-02C5CD802A48}.Release|Any CPU.Build.0 = Release|Any CPU
	EndGlobalSection
	GlobalSection(SolutionProperties) = preSolution
		HideSolutionNode = FALSE
	EndGlobalSection
EndGlobal
